# This file was autogenerated by Stack.
# You should not edit this file by hand.
# For more information, please see the documentation at:
#   https://docs.haskellstack.org/en/stable/lock_files

packages: []
snapshots:
- completed:
    sha256: 889b6bffaf21cd509a7c6017703281e77c2f6df0a0908a11c85fa97fcbf11d4e
    size: 680573
    url: https://raw.githubusercontent.com/commercialhaskell/stackage-snapshots/master/lts/23/10.yaml
  original: lts-23.10
