# This file was autogenerated by Stack.
# You should not edit this file by hand.
# For more information, please see the documentation at:
#   https://docs.haskellstack.org/en/stable/lock_files

packages:
- completed:
    hackage: html-conduit-1.3.2.1@sha256:61a9fe9e4c28c5feb7f68a84cac846a8db96bc46434e739f722fddaca7939529,2104
    pantry-tree:
      size: 504
      sha256: 7e22a5f73125fa55b396e7a3deeadeba8d9c8e56668df5ad2ea0d5a3d240864a
  original:
    hackage: html-conduit-1.3.2.1
- completed:
    hackage: persistent-2.10.4@sha256:16c4c0823dd5e16bac4d607895ab0f4febd0626c020e5755ed1a52bf04068148,4738
    pantry-tree:
      size: 2094
      sha256: b40d1783b539ddbbceaa827bf286d0b3bfcf76ca19e604c9d510b2a64008714e
  original:
    hackage: persistent-2.10.4
- completed:
    hackage: persistent-template-2.7.3@sha256:ac3e5e8c48e968b927bbf4e97162c52e7e417d69b05efeb1c581d7c682e043d2,2703
    pantry-tree:
      size: 560
      sha256: fdfb2a721eb9c9831d7381d36bc52de0808a008ed3d553b6490080f337249684
  original:
    hackage: persistent-template-2.7.3
- completed:
    hackage: persistent-sqlite-2.10.5@sha256:50f8e3991fcf57d5744313fab8ecfa056d367d110aae43c03c45546445fea990,4993
    pantry-tree:
      size: 748
      sha256: 42a52062ae795140362c2d929ba82f823904b785740a0837141c96eeec013115
  original:
    hackage: persistent-sqlite-2.10.5
- completed:
    hackage: authenticate-1.3.5@sha256:47b932a0f48a2ef2dff598519c5d6161214e6b5c1156732b5e157de5784b3798,2108
    pantry-tree:
      size: 845
      sha256: 597a081d3c6796d9b0ca6125e455c9e4b05da2a8db2d35c57afc292a8db7b89e
  original:
    hackage: authenticate-1.3.5
snapshots:
- completed:
    size: 418944
    url: https://raw.githubusercontent.com/commercialhaskell/stackage-snapshots/master/nightly/2019/11/11.yaml
    sha256: 12d3c25a6471bd6310df0fb5c064c24fc8aa8c5e9412d90e7980f36aa0cdd3f9
  original: nightly-2019-11-11
